
Microsoft Visual Studio Solution File, Format Version 12.00
# Visual Studio Version 16
VisualStudioVersion = 16.0.810.14
MinimumVisualStudioVersion = 10.0.40219.1
Project("{FAE04EC0-301F-11D3-BF4B-00C04F79EFBC}") = "Wuphf.Server", "Wuphf\Server\Wuphf.Server.csproj", "{B8F44CD2-A9F6-4530-A137-CB390779EE42}"
EndProject
Project("{FAE04EC0-301F-11D3-BF4B-00C04F79EFBC}") = "Wuphf.Client", "Wuphf\Client\Wuphf.Client.csproj", "{73FF028F-BD0E-464B-B369-896B45656FBC}"
EndProject
Project("{FAE04EC0-301F-11D3-BF4B-00C04F79EFBC}") = "Wuphf.Console", "Wuphf.Console\Wuphf.Console.csproj", "{BF5E4CFB-2F40-4B58-9128-CCAB42EDC85D}"
EndProject
Project("{FAE04EC0-301F-11D3-BF4B-00C04F79EFBC}") = "Wuphf", "Wuphf\Wuphf\Wuphf.csproj", "{2DB8233A-182E-41C3-8F3C-A145D68AA20F}"
EndProject
Project("{FAE04EC0-301F-11D3-BF4B-00C04F79EFBC}") = "Wuphf.Android", "Wuphf\Wuphf.Android\Wuphf.Android.csproj", "{F046DF69-3F78-4712-9EBB-EFBDFE649571}"
EndProject
Project("{FAE04EC0-301F-11D3-BF4B-00C04F79EFBC}") = "Wuphf.iOS", "Wuphf\Wuphf.iOS\Wuphf.iOS.csproj", "{49D4FC6B-0777-4BAB-BFFC-24BEDEA1ADE3}"
EndProject
Project("{FAE04EC0-301F-11D3-BF4B-00C04F79EFBC}") = "Wuphf.MVVM", "Wuphf.MVVM\Wuphf.MVVM.csproj", "{20FD74DC-95F4-46C1-B0BC-DEBA1616B069}"
EndProject
Project("{FAE04EC0-301F-11D3-BF4B-00C04F79EFBC}") = "Wuphf.Shared", "Wuphf\Shared\Wuphf.Shared.csproj", "{F572F5AE-4E2C-4F5E-86AB-FD9F5EECE5AD}"
EndProject
Project("{FAE04EC0-301F-11D3-BF4B-00C04F79EFBC}") = "TestWuphf", "TestWuphf\TestWuphf.csproj", "{2A768BDA-5D58-425C-B3EB-BB1175D95CAF}"
EndProject
Global
	GlobalSection(SolutionConfigurationPlatforms) = preSolution
		Debug|Any CPU = Debug|Any CPU
		Release|Any CPU = Release|Any CPU
		Debug|iPhoneSimulator = Debug|iPhoneSimulator
		Release|iPhoneSimulator = Release|iPhoneSimulator
		Debug|iPhone = Debug|iPhone
		Release|iPhone = Release|iPhone
	EndGlobalSection
	GlobalSection(ProjectConfigurationPlatforms) = postSolution
		{B8F44CD2-A9F6-4530-A137-CB390779EE42}.Debug|Any CPU.ActiveCfg = Debug|Any CPU
		{B8F44CD2-A9F6-4530-A137-CB390779EE42}.Debug|Any CPU.Build.0 = Debug|Any CPU
		{B8F44CD2-A9F6-4530-A137-CB390779EE42}.Release|Any CPU.ActiveCfg = Release|Any CPU
		{B8F44CD2-A9F6-4530-A137-CB390779EE42}.Release|Any CPU.Build.0 = Release|Any CPU
		{B8F44CD2-A9F6-4530-A137-CB390779EE42}.Debug|iPhoneSimulator.ActiveCfg = Debug|Any CPU
		{B8F44CD2-A9F6-4530-A137-CB390779EE42}.Debug|iPhoneSimulator.Build.0 = Debug|Any CPU
		{B8F44CD2-A9F6-4530-A137-CB390779EE42}.Release|iPhoneSimulator.ActiveCfg = Release|Any CPU
		{B8F44CD2-A9F6-4530-A137-CB390779EE42}.Release|iPhoneSimulator.Build.0 = Release|Any CPU
		{B8F44CD2-A9F6-4530-A137-CB390779EE42}.Debug|iPhone.ActiveCfg = Debug|Any CPU
		{B8F44CD2-A9F6-4530-A137-CB390779EE42}.Debug|iPhone.Build.0 = Debug|Any CPU
		{B8F44CD2-A9F6-4530-A137-CB390779EE42}.Release|iPhone.ActiveCfg = Release|Any CPU
		{B8F44CD2-A9F6-4530-A137-CB390779EE42}.Release|iPhone.Build.0 = Release|Any CPU
		{73FF028F-BD0E-464B-B369-896B45656FBC}.Debug|Any CPU.ActiveCfg = Debug|Any CPU
		{73FF028F-BD0E-464B-B369-896B45656FBC}.Debug|Any CPU.Build.0 = Debug|Any CPU
		{73FF028F-BD0E-464B-B369-896B45656FBC}.Release|Any CPU.ActiveCfg = Release|Any CPU
		{73FF028F-BD0E-464B-B369-896B45656FBC}.Release|Any CPU.Build.0 = Release|Any CPU
		{73FF028F-BD0E-464B-B369-896B45656FBC}.Debug|iPhoneSimulator.ActiveCfg = Debug|Any CPU
		{73FF028F-BD0E-464B-B369-896B45656FBC}.Debug|iPhoneSimulator.Build.0 = Debug|Any CPU
		{73FF028F-BD0E-464B-B369-896B45656FBC}.Release|iPhoneSimulator.ActiveCfg = Release|Any CPU
		{73FF028F-BD0E-464B-B369-896B45656FBC}.Release|iPhoneSimulator.Build.0 = Release|Any CPU
		{73FF028F-BD0E-464B-B369-896B45656FBC}.Debug|iPhone.ActiveCfg = Debug|Any CPU
		{73FF028F-BD0E-464B-B369-896B45656FBC}.Debug|iPhone.Build.0 = Debug|Any CPU
		{73FF028F-BD0E-464B-B369-896B45656FBC}.Release|iPhone.ActiveCfg = Release|Any CPU
		{73FF028F-BD0E-464B-B369-896B45656FBC}.Release|iPhone.Build.0 = Release|Any CPU
		{BF5E4CFB-2F40-4B58-9128-CCAB42EDC85D}.Debug|Any CPU.ActiveCfg = Debug|Any CPU
		{BF5E4CFB-2F40-4B58-9128-CCAB42EDC85D}.Debug|Any CPU.Build.0 = Debug|Any CPU
		{BF5E4CFB-2F40-4B58-9128-CCAB42EDC85D}.Release|Any CPU.ActiveCfg = Release|Any CPU
		{BF5E4CFB-2F40-4B58-9128-CCAB42EDC85D}.Release|Any CPU.Build.0 = Release|Any CPU
		{BF5E4CFB-2F40-4B58-9128-CCAB42EDC85D}.Debug|iPhoneSimulator.ActiveCfg = Debug|Any CPU
		{BF5E4CFB-2F40-4B58-9128-CCAB42EDC85D}.Debug|iPhoneSimulator.Build.0 = Debug|Any CPU
		{BF5E4CFB-2F40-4B58-9128-CCAB42EDC85D}.Release|iPhoneSimulator.ActiveCfg = Release|Any CPU
		{BF5E4CFB-2F40-4B58-9128-CCAB42EDC85D}.Release|iPhoneSimulator.Build.0 = Release|Any CPU
		{BF5E4CFB-2F40-4B58-9128-CCAB42EDC85D}.Debug|iPhone.ActiveCfg = Debug|Any CPU
		{BF5E4CFB-2F40-4B58-9128-CCAB42EDC85D}.Debug|iPhone.Build.0 = Debug|Any CPU
		{BF5E4CFB-2F40-4B58-9128-CCAB42EDC85D}.Release|iPhone.ActiveCfg = Release|Any CPU
		{BF5E4CFB-2F40-4B58-9128-CCAB42EDC85D}.Release|iPhone.Build.0 = Release|Any CPU
		{2DB8233A-182E-41C3-8F3C-A145D68AA20F}.Debug|Any CPU.ActiveCfg = Debug|Any CPU
		{2DB8233A-182E-41C3-8F3C-A145D68AA20F}.Debug|Any CPU.Build.0 = Debug|Any CPU
		{2DB8233A-182E-41C3-8F3C-A145D68AA20F}.Release|Any CPU.ActiveCfg = Release|Any CPU
		{2DB8233A-182E-41C3-8F3C-A145D68AA20F}.Release|Any CPU.Build.0 = Release|Any CPU
		{2DB8233A-182E-41C3-8F3C-A145D68AA20F}.Debug|iPhoneSimulator.ActiveCfg = Debug|Any CPU
		{2DB8233A-182E-41C3-8F3C-A145D68AA20F}.Debug|iPhoneSimulator.Build.0 = Debug|Any CPU
		{2DB8233A-182E-41C3-8F3C-A145D68AA20F}.Release|iPhoneSimulator.ActiveCfg = Release|Any CPU
		{2DB8233A-182E-41C3-8F3C-A145D68AA20F}.Release|iPhoneSimulator.Build.0 = Release|Any CPU
		{2DB8233A-182E-41C3-8F3C-A145D68AA20F}.Debug|iPhone.ActiveCfg = Debug|Any CPU
		{2DB8233A-182E-41C3-8F3C-A145D68AA20F}.Debug|iPhone.Build.0 = Debug|Any CPU
		{2DB8233A-182E-41C3-8F3C-A145D68AA20F}.Release|iPhone.ActiveCfg = Release|Any CPU
		{2DB8233A-182E-41C3-8F3C-A145D68AA20F}.Release|iPhone.Build.0 = Release|Any CPU
		{F046DF69-3F78-4712-9EBB-EFBDFE649571}.Debug|Any CPU.ActiveCfg = Debug|Any CPU
		{F046DF69-3F78-4712-9EBB-EFBDFE649571}.Debug|Any CPU.Build.0 = Debug|Any CPU
		{F046DF69-3F78-4712-9EBB-EFBDFE649571}.Release|Any CPU.ActiveCfg = Release|Any CPU
		{F046DF69-3F78-4712-9EBB-EFBDFE649571}.Release|Any CPU.Build.0 = Release|Any CPU
		{F046DF69-3F78-4712-9EBB-EFBDFE649571}.Debug|iPhoneSimulator.ActiveCfg = Debug|Any CPU
		{F046DF69-3F78-4712-9EBB-EFBDFE649571}.Debug|iPhoneSimulator.Build.0 = Debug|Any CPU
		{F046DF69-3F78-4712-9EBB-EFBDFE649571}.Release|iPhoneSimulator.ActiveCfg = Release|Any CPU
		{F046DF69-3F78-4712-9EBB-EFBDFE649571}.Release|iPhoneSimulator.Build.0 = Release|Any CPU
		{F046DF69-3F78-4712-9EBB-EFBDFE649571}.Debug|iPhone.ActiveCfg = Debug|Any CPU
		{F046DF69-3F78-4712-9EBB-EFBDFE649571}.Debug|iPhone.Build.0 = Debug|Any CPU
		{F046DF69-3F78-4712-9EBB-EFBDFE649571}.Release|iPhone.ActiveCfg = Release|Any CPU
		{F046DF69-3F78-4712-9EBB-EFBDFE649571}.Release|iPhone.Build.0 = Release|Any CPU
		{49D4FC6B-0777-4BAB-BFFC-24BEDEA1ADE3}.Debug|Any CPU.ActiveCfg = Debug|iPhoneSimulator
		{49D4FC6B-0777-4BAB-BFFC-24BEDEA1ADE3}.Debug|Any CPU.Build.0 = Debug|iPhoneSimulator
		{49D4FC6B-0777-4BAB-BFFC-24BEDEA1ADE3}.Release|Any CPU.ActiveCfg = Release|iPhoneSimulator
		{49D4FC6B-0777-4BAB-BFFC-24BEDEA1ADE3}.Release|Any CPU.Build.0 = Release|iPhoneSimulator
		{49D4FC6B-0777-4BAB-BFFC-24BEDEA1ADE3}.Debug|iPhoneSimulator.ActiveCfg = Debug|iPhoneSimulator
		{49D4FC6B-0777-4BAB-BFFC-24BEDEA1ADE3}.Debug|iPhoneSimulator.Build.0 = Debug|iPhoneSimulator
		{49D4FC6B-0777-4BAB-BFFC-24BEDEA1ADE3}.Release|iPhoneSimulator.ActiveCfg = Release|iPhoneSimulator
		{49D4FC6B-0777-4BAB-BFFC-24BEDEA1ADE3}.Release|iPhoneSimulator.Build.0 = Release|iPhoneSimulator
		{49D4FC6B-0777-4BAB-BFFC-24BEDEA1ADE3}.Debug|iPhone.ActiveCfg = Debug|iPhone
		{49D4FC6B-0777-4BAB-BFFC-24BEDEA1ADE3}.Debug|iPhone.Build.0 = Debug|iPhone
		{49D4FC6B-0777-4BAB-BFFC-24BEDEA1ADE3}.Release|iPhone.ActiveCfg = Release|iPhone
		{49D4FC6B-0777-4BAB-BFFC-24BEDEA1ADE3}.Release|iPhone.Build.0 = Release|iPhone
		{20FD74DC-95F4-46C1-B0BC-DEBA1616B069}.Debug|Any CPU.ActiveCfg = Debug|Any CPU
		{20FD74DC-95F4-46C1-B0BC-DEBA1616B069}.Debug|Any CPU.Build.0 = Debug|Any CPU
		{20FD74DC-95F4-46C1-B0BC-DEBA1616B069}.Release|Any CPU.ActiveCfg = Release|Any CPU
		{20FD74DC-95F4-46C1-B0BC-DEBA1616B069}.Release|Any CPU.Build.0 = Release|Any CPU
		{20FD74DC-95F4-46C1-B0BC-DEBA1616B069}.Debug|iPhoneSimulator.ActiveCfg = Debug|Any CPU
		{20FD74DC-95F4-46C1-B0BC-DEBA1616B069}.Debug|iPhoneSimulator.Build.0 = Debug|Any CPU
		{20FD74DC-95F4-46C1-B0BC-DEBA1616B069}.Release|iPhoneSimulator.ActiveCfg = Release|Any CPU
		{20FD74DC-95F4-46C1-B0BC-DEBA1616B069}.Release|iPhoneSimulator.Build.0 = Release|Any CPU
		{20FD74DC-95F4-46C1-B0BC-DEBA1616B069}.Debug|iPhone.ActiveCfg = Debug|Any CPU
		{20FD74DC-95F4-46C1-B0BC-DEBA1616B069}.Debug|iPhone.Build.0 = Debug|Any CPU
		{20FD74DC-95F4-46C1-B0BC-DEBA1616B069}.Release|iPhone.ActiveCfg = Release|Any CPU
		{20FD74DC-95F4-46C1-B0BC-DEBA1616B069}.Release|iPhone.Build.0 = Release|Any CPU
		{F572F5AE-4E2C-4F5E-86AB-FD9F5EECE5AD}.Debug|Any CPU.ActiveCfg = Debug|Any CPU
		{F572F5AE-4E2C-4F5E-86AB-FD9F5EECE5AD}.Debug|Any CPU.Build.0 = Debug|Any CPU
		{F572F5AE-4E2C-4F5E-86AB-FD9F5EECE5AD}.Release|Any CPU.ActiveCfg = Release|Any CPU
		{F572F5AE-4E2C-4F5E-86AB-FD9F5EECE5AD}.Release|Any CPU.Build.0 = Release|Any CPU
		{F572F5AE-4E2C-4F5E-86AB-FD9F5EECE5AD}.Debug|iPhoneSimulator.ActiveCfg = Debug|Any CPU
		{F572F5AE-4E2C-4F5E-86AB-FD9F5EECE5AD}.Debug|iPhoneSimulator.Build.0 = Debug|Any CPU
		{F572F5AE-4E2C-4F5E-86AB-FD9F5EECE5AD}.Release|iPhoneSimulator.ActiveCfg = Release|Any CPU
		{F572F5AE-4E2C-4F5E-86AB-FD9F5EECE5AD}.Release|iPhoneSimulator.Build.0 = Release|Any CPU
		{F572F5AE-4E2C-4F5E-86AB-FD9F5EECE5AD}.Debug|iPhone.ActiveCfg = Debug|Any CPU
		{F572F5AE-4E2C-4F5E-86AB-FD9F5EECE5AD}.Debug|iPhone.Build.0 = Debug|Any CPU
		{F572F5AE-4E2C-4F5E-86AB-FD9F5EECE5AD}.Release|iPhone.ActiveCfg = Release|Any CPU
		{F572F5AE-4E2C-4F5E-86AB-FD9F5EECE5AD}.Release|iPhone.Build.0 = Release|Any CPU
		{2A768BDA-5D58-425C-B3EB-BB1175D95CAF}.Debug|Any CPU.ActiveCfg = Debug|Any CPU
		{2A768BDA-5D58-425C-B3EB-BB1175D95CAF}.Debug|Any CPU.Build.0 = Debug|Any CPU
		{2A768BDA-5D58-425C-B3EB-BB1175D95CAF}.Release|Any CPU.ActiveCfg = Release|Any CPU
		{2A768BDA-5D58-425C-B3EB-BB1175D95CAF}.Release|Any CPU.Build.0 = Release|Any CPU
		{2A768BDA-5D58-425C-B3EB-BB1175D95CAF}.Debug|iPhoneSimulator.ActiveCfg = Debug|Any CPU
		{2A768BDA-5D58-425C-B3EB-BB1175D95CAF}.Debug|iPhoneSimulator.Build.0 = Debug|Any CPU
		{2A768BDA-5D58-425C-B3EB-BB1175D95CAF}.Release|iPhoneSimulator.ActiveCfg = Release|Any CPU
		{2A768BDA-5D58-425C-B3EB-BB1175D95CAF}.Release|iPhoneSimulator.Build.0 = Release|Any CPU
		{2A768BDA-5D58-425C-B3EB-BB1175D95CAF}.Debug|iPhone.ActiveCfg = Debug|Any CPU
		{2A768BDA-5D58-425C-B3EB-BB1175D95CAF}.Debug|iPhone.Build.0 = Debug|Any CPU
		{2A768BDA-5D58-425C-B3EB-BB1175D95CAF}.Release|iPhone.ActiveCfg = Release|Any CPU
		{2A768BDA-5D58-425C-B3EB-BB1175D95CAF}.Release|iPhone.Build.0 = Release|Any CPU
	EndGlobalSection
	GlobalSection(SolutionProperties) = preSolution
		HideSolutionNode = FALSE
	EndGlobalSection
	GlobalSection(ExtensibilityGlobals) = postSolution
		SolutionGuid = {87B545A6-0F55-4314-8642-0B8A6ED56E88}
	EndGlobalSection
EndGlobal
