
Microsoft Visual Studio Solution File, Format Version 12.00
# Visual Studio Version 16
VisualStudioVersion = 16.0.810.14
MinimumVisualStudioVersion = 10.0.40219.1
Project("{FAE04EC0-301F-11D3-BF4B-00C04F79EFBC}") = "Wuphf.Server", "Wuphf\Server\Wuphf.Server.csproj", "{B8F44CD2-A9F6-4530-A137-CB390779EE42}"
EndProject
Project("{FAE04EC0-301F-11D3-BF4B-00C04F79EFBC}") = "Wuphf.Client", "Wuphf\Client\Wuphf.Client.csproj", "{73FF028F-BD0E-464B-B369-896B45656FBC}"
EndProject
Project("{FAE04EC0-301F-11D3-BF4B-00C04F79EFBC}") = "Wuphf.Shared", "Wuphf\Shared\Wuphf.Shared.csproj", "{30F04827-D79C-4D93-A86B-9A0C67CB52C3}"
EndProject
Global
	GlobalSection(SolutionConfigurationPlatforms) = preSolution
		Debug|Any CPU = Debug|Any CPU
		Release|Any CPU = Release|Any CPU
	EndGlobalSection
	GlobalSection(ProjectConfigurationPlatforms) = postSolution
		{B8F44CD2-A9F6-4530-A137-CB390779EE42}.Debug|Any CPU.ActiveCfg = Debug|Any CPU
		{B8F44CD2-A9F6-4530-A137-CB390779EE42}.Debug|Any CPU.Build.0 = Debug|Any CPU
		{B8F44CD2-A9F6-4530-A137-CB390779EE42}.Release|Any CPU.ActiveCfg = Release|Any CPU
		{B8F44CD2-A9F6-4530-A137-CB390779EE42}.Release|Any CPU.Build.0 = Release|Any CPU
		{73FF028F-BD0E-464B-B369-896B45656FBC}.Debug|Any CPU.ActiveCfg = Debug|Any CPU
		{73FF028F-BD0E-464B-B369-896B45656FBC}.Debug|Any CPU.Build.0 = Debug|Any CPU
		{73FF028F-BD0E-464B-B369-896B45656FBC}.Release|Any CPU.ActiveCfg = Release|Any CPU
		{73FF028F-BD0E-464B-B369-896B45656FBC}.Release|Any CPU.Build.0 = Release|Any CPU
		{30F04827-D79C-4D93-A86B-9A0C67CB52C3}.Debug|Any CPU.ActiveCfg = Debug|Any CPU
		{30F04827-D79C-4D93-A86B-9A0C67CB52C3}.Debug|Any CPU.Build.0 = Debug|Any CPU
		{30F04827-D79C-4D93-A86B-9A0C67CB52C3}.Release|Any CPU.ActiveCfg = Release|Any CPU
		{30F04827-D79C-4D93-A86B-9A0C67CB52C3}.Release|Any CPU.Build.0 = Release|Any CPU
	EndGlobalSection
	GlobalSection(SolutionProperties) = preSolution
		HideSolutionNode = FALSE
	EndGlobalSection
	GlobalSection(ExtensibilityGlobals) = postSolution
		SolutionGuid = {87B545A6-0F55-4314-8642-0B8A6ED56E88}
	EndGlobalSection
EndGlobal
